// !$*UTF8*$!
{
	archiveVersion = 1;
	classes = {
	};
	objectVersion = 46;
	objects = {

/* Begin PBXBuildFile section */
		7A074AAD1CF8B6DE008D8EA7 /* AutoComponent.swift in Sources */ = {isa = PBXBuildFile; fileRef = 7A074AAC1CF8B6DE008D8EA7 /* AutoComponent.swift */; };
		7A074AAF1CF8E7B0008D8EA7 /* PageInspector.swift in Sources */ = {isa = PBXBuildFile; fileRef = 7A074AAE1CF8E7B0008D8EA7 /* PageInspector.swift */; };
		7A074AB11CF932CF008D8EA7 /* Octopart.swift in Sources */ = {isa = PBXBuildFile; fileRef = 7A074AB01CF932CF008D8EA7 /* Octopart.swift */; };
		7A074AB31CF93D18008D8EA7 /* SwiftyJSON.swift in Sources */ = {isa = PBXBuildFile; fileRef = 7A074AB21CF93D18008D8EA7 /* SwiftyJSON.swift */; };
		7A074AB51CF9E979008D8EA7 /* PolygonTool.swift in Sources */ = {isa = PBXBuildFile; fileRef = 7A074AB41CF9E979008D8EA7 /* PolygonTool.swift */; };
		7A074AB71CFC918C008D8EA7 /* TextTool.swift in Sources */ = {isa = PBXBuildFile; fileRef = 7A074AB61CFC918C008D8EA7 /* TextTool.swift */; };
		7A074AB91CFDD4A5008D8EA7 /* NetTool.swift in Sources */ = {isa = PBXBuildFile; fileRef = 7A074AB81CFDD4A5008D8EA7 /* NetTool.swift */; };
		7A074ABB1CFFA90F008D8EA7 /* NetNameTool.swift in Sources */ = {isa = PBXBuildFile; fileRef = 7A074ABA1CFFA90F008D8EA7 /* NetNameTool.swift */; };
		7A4894401CF74CFF00F6D132 /* PolygonGraphic.swift in Sources */ = {isa = PBXBuildFile; fileRef = 7A48943F1CF74CFF00F6D132 /* PolygonGraphic.swift */; };
		7A4894421CF7A0B000F6D132 /* LibraryView.swift in Sources */ = {isa = PBXBuildFile; fileRef = 7A4894411CF7A0B000F6D132 /* LibraryView.swift */; };
		7A4A226A1CF132D800EA774C /* AbstractGraphics.swift in Sources */ = {isa = PBXBuildFile; fileRef = 7A4A22691CF132D800EA774C /* AbstractGraphics.swift */; };
		7A4A226C1CF2656500EA774C /* SchematicPrefs.swift in Sources */ = {isa = PBXBuildFile; fileRef = 7A4A226B1CF2656500EA774C /* SchematicPrefs.swift */; };
		7A4A226E1CF3D05700EA774C /* SetExtensions.swift in Sources */ = {isa = PBXBuildFile; fileRef = 7A4A226D1CF3D05700EA774C /* SetExtensions.swift */; };
		7A4A22701CF4A28F00EA774C /* Sheets.swift in Sources */ = {isa = PBXBuildFile; fileRef = 7A4A226F1CF4A28F00EA774C /* Sheets.swift */; };
		7A4A22D41CF5DF0100EA774C /* PrimitiveGraphic.swift in Sources */ = {isa = PBXBuildFile; fileRef = 7A4A22D31CF5DF0100EA774C /* PrimitiveGraphic.swift */; };
		7A4A22D61CF6519000EA774C /* KLibRipper.swift in Sources */ = {isa = PBXBuildFile; fileRef = 7A4A22D51CF6519000EA774C /* KLibRipper.swift */; };
		7A5FBE061CE66FF80031ED77 /* AppDelegate.swift in Sources */ = {isa = PBXBuildFile; fileRef = 7A5FBE051CE66FF80031ED77 /* AppDelegate.swift */; };
		7A5FBE081CE66FF80031ED77 /* SchematicDocument.swift in Sources */ = {isa = PBXBuildFile; fileRef = 7A5FBE071CE66FF80031ED77 /* SchematicDocument.swift */; };
		7A5FBE0B1CE66FF80031ED77 /* SchematicDocument.xib in Resources */ = {isa = PBXBuildFile; fileRef = 7A5FBE091CE66FF80031ED77 /* SchematicDocument.xib */; };
		7A5FBE0D1CE66FF80031ED77 /* Assets.xcassets in Resources */ = {isa = PBXBuildFile; fileRef = 7A5FBE0C1CE66FF80031ED77 /* Assets.xcassets */; };
		7A5FBE101CE66FF80031ED77 /* MainMenu.xib in Resources */ = {isa = PBXBuildFile; fileRef = 7A5FBE0E1CE66FF80031ED77 /* MainMenu.xib */; };
		7A5FBE1B1CE67BF10031ED77 /* AttributedGraphic.swift in Sources */ = {isa = PBXBuildFile; fileRef = 7A5FBE1A1CE67BF10031ED77 /* AttributedGraphic.swift */; };
		7A5FBE1D1CE67C110031ED77 /* AttributeText.swift in Sources */ = {isa = PBXBuildFile; fileRef = 7A5FBE1C1CE67C110031ED77 /* AttributeText.swift */; };
		7A5FBE1F1CE67C1F0031ED77 /* Package.swift in Sources */ = {isa = PBXBuildFile; fileRef = 7A5FBE1E1CE67C1F0031ED77 /* Package.swift */; };
		7A5FBE211CE67C290031ED77 /* Component.swift in Sources */ = {isa = PBXBuildFile; fileRef = 7A5FBE201CE67C290031ED77 /* Component.swift */; };
		7A5FBE231CE67C320031ED77 /* Pin.swift in Sources */ = {isa = PBXBuildFile; fileRef = 7A5FBE221CE67C320031ED77 /* Pin.swift */; };
		7A5FBE251CE67C450031ED77 /* Net.swift in Sources */ = {isa = PBXBuildFile; fileRef = 7A5FBE241CE67C450031ED77 /* Net.swift */; };
		7A5FBE271CE67C5E0031ED77 /* Graphic.swift in Sources */ = {isa = PBXBuildFile; fileRef = 7A5FBE261CE67C5E0031ED77 /* Graphic.swift */; };
		7A5FBE291CE67F6C0031ED77 /* GraphicMath.swift in Sources */ = {isa = PBXBuildFile; fileRef = 7A5FBE281CE67F6C0031ED77 /* GraphicMath.swift */; };
		7A5FBE2B1CE696610031ED77 /* SchematicView.swift in Sources */ = {isa = PBXBuildFile; fileRef = 7A5FBE2A1CE696610031ED77 /* SchematicView.swift */; };
		7A5FBE2D1CE69EB50031ED77 /* RegularExpression.swift in Sources */ = {isa = PBXBuildFile; fileRef = 7A5FBE2C1CE69EB50031ED77 /* RegularExpression.swift */; };
		7A5FBE2F1CE910800031ED77 /* ZoomView.swift in Sources */ = {isa = PBXBuildFile; fileRef = 7A5FBE2E1CE910800031ED77 /* ZoomView.swift */; };
		7A5FBE4E1CE93F0D0031ED77 /* SchematicPage.swift in Sources */ = {isa = PBXBuildFile; fileRef = 7A5FBE4D1CE93F0D0031ED77 /* SchematicPage.swift */; };
		7A5FBE511CEA16F70031ED77 /* LineTool.swift in Sources */ = {isa = PBXBuildFile; fileRef = 7A5FBE501CEA16F70031ED77 /* LineTool.swift */; };
		7A5FBE531CEA1AF80031ED77 /* RectGraphic.swift in Sources */ = {isa = PBXBuildFile; fileRef = 7A5FBE521CEA1AF80031ED77 /* RectGraphic.swift */; };
		7A5FBE551CEA1B0F0031ED77 /* LineGraphic.swift in Sources */ = {isa = PBXBuildFile; fileRef = 7A5FBE541CEA1B0F0031ED77 /* LineGraphic.swift */; };
		7A5FBE581CEA1F030031ED77 /* RectTool.swift in Sources */ = {isa = PBXBuildFile; fileRef = 7A5FBE571CEA1F030031ED77 /* RectTool.swift */; };
		7A5FBE5E1CEA30890031ED77 /* InspectorView.swift in Sources */ = {isa = PBXBuildFile; fileRef = 7A5FBE5D1CEA30890031ED77 /* InspectorView.swift */; };
		7A74973E1CEA427000C6AAFB /* SelectTool.swift in Sources */ = {isa = PBXBuildFile; fileRef = 7A74973D1CEA427000C6AAFB /* SelectTool.swift */; };
		7A8C9BBB1CEA694D000B79BE /* ArcGraphic.swift in Sources */ = {isa = PBXBuildFile; fileRef = 7A8C9BBA1CEA694D000B79BE /* ArcGraphic.swift */; };
		7A8C9BBD1CEA6D7A000B79BE /* ArcTool.swift in Sources */ = {isa = PBXBuildFile; fileRef = 7A8C9BBC1CEA6D7A000B79BE /* ArcTool.swift */; };
		7A8C9BBF1CEA85AD000B79BE /* GroupGraphic.swift in Sources */ = {isa = PBXBuildFile; fileRef = 7A8C9BBE1CEA85AD000B79BE /* GroupGraphic.swift */; };
		7A8C9BC11CEAA815000B79BE /* CircleGraphic.swift in Sources */ = {isa = PBXBuildFile; fileRef = 7A8C9BC01CEAA815000B79BE /* CircleGraphic.swift */; };
		7A8C9BC31CEAADD1000B79BE /* CircleTool.swift in Sources */ = {isa = PBXBuildFile; fileRef = 7A8C9BC21CEAADD1000B79BE /* CircleTool.swift */; };
		7ACBCC311D01B0B9007EA736 /* Node.swift in Sources */ = {isa = PBXBuildFile; fileRef = 7ACBCC301D01B0B9007EA736 /* Node.swift */; };
		7AD3685C1D04B2AD006EEAA9 /* NetList.swift in Sources */ = {isa = PBXBuildFile; fileRef = 7AD3685B1D04B2AD006EEAA9 /* NetList.swift */; };
		7AE437A81CEB75440010C087 /* UnplacedComponentView.swift in Sources */ = {isa = PBXBuildFile; fileRef = 7AE437A71CEB75440010C087 /* UnplacedComponentView.swift */; };
		7AE437AA1CEBAE460010C087 /* PinInspectorView.swift in Sources */ = {isa = PBXBuildFile; fileRef = 7AE437A91CEBAE460010C087 /* PinInspectorView.swift */; };
		7AE437AE1CEE15490010C087 /* GraphicInspector.swift in Sources */ = {isa = PBXBuildFile; fileRef = 7AE437AD1CEE15490010C087 /* GraphicInspector.swift */; };
/* End PBXBuildFile section */

/* Begin PBXFileReference section */
		7A074AAC1CF8B6DE008D8EA7 /* AutoComponent.swift */ = {isa = PBXFileReference; fileEncoding = 4; lastKnownFileType = sourcecode.swift; path = AutoComponent.swift; sourceTree = "<group>"; };
		7A074AAE1CF8E7B0008D8EA7 /* PageInspector.swift */ = {isa = PBXFileReference; fileEncoding = 4; lastKnownFileType = sourcecode.swift; path = PageInspector.swift; sourceTree = "<group>"; };
		7A074AB01CF932CF008D8EA7 /* Octopart.swift */ = {isa = PBXFileReference; fileEncoding = 4; lastKnownFileType = sourcecode.swift; path = Octopart.swift; sourceTree = "<group>"; };
		7A074AB21CF93D18008D8EA7 /* SwiftyJSON.swift */ = {isa = PBXFileReference; fileEncoding = 4; lastKnownFileType = sourcecode.swift; path = SwiftyJSON.swift; sourceTree = "<group>"; };
		7A074AB41CF9E979008D8EA7 /* PolygonTool.swift */ = {isa = PBXFileReference; fileEncoding = 4; lastKnownFileType = sourcecode.swift; path = PolygonTool.swift; sourceTree = "<group>"; };
		7A074AB61CFC918C008D8EA7 /* TextTool.swift */ = {isa = PBXFileReference; fileEncoding = 4; lastKnownFileType = sourcecode.swift; path = TextTool.swift; sourceTree = "<group>"; };
		7A074AB81CFDD4A5008D8EA7 /* NetTool.swift */ = {isa = PBXFileReference; fileEncoding = 4; lastKnownFileType = sourcecode.swift; path = NetTool.swift; sourceTree = "<group>"; };
		7A074ABA1CFFA90F008D8EA7 /* NetNameTool.swift */ = {isa = PBXFileReference; fileEncoding = 4; lastKnownFileType = sourcecode.swift; path = NetNameTool.swift; sourceTree = "<group>"; };
		7A48943F1CF74CFF00F6D132 /* PolygonGraphic.swift */ = {isa = PBXFileReference; fileEncoding = 4; lastKnownFileType = sourcecode.swift; path = PolygonGraphic.swift; sourceTree = "<group>"; };
		7A4894411CF7A0B000F6D132 /* LibraryView.swift */ = {isa = PBXFileReference; fileEncoding = 4; lastKnownFileType = sourcecode.swift; path = LibraryView.swift; sourceTree = "<group>"; };
		7A4A22691CF132D800EA774C /* AbstractGraphics.swift */ = {isa = PBXFileReference; fileEncoding = 4; lastKnownFileType = sourcecode.swift; path = AbstractGraphics.swift; sourceTree = "<group>"; };
		7A4A226B1CF2656500EA774C /* SchematicPrefs.swift */ = {isa = PBXFileReference; fileEncoding = 4; lastKnownFileType = sourcecode.swift; path = SchematicPrefs.swift; sourceTree = "<group>"; };
		7A4A226D1CF3D05700EA774C /* SetExtensions.swift */ = {isa = PBXFileReference; fileEncoding = 4; lastKnownFileType = sourcecode.swift; path = SetExtensions.swift; sourceTree = "<group>"; };
		7A4A226F1CF4A28F00EA774C /* Sheets.swift */ = {isa = PBXFileReference; fileEncoding = 4; lastKnownFileType = sourcecode.swift; path = Sheets.swift; sourceTree = "<group>"; };
		7A4A22D31CF5DF0100EA774C /* PrimitiveGraphic.swift */ = {isa = PBXFileReference; fileEncoding = 4; lastKnownFileType = sourcecode.swift; path = PrimitiveGraphic.swift; sourceTree = "<group>"; };
		7A4A22D51CF6519000EA774C /* KLibRipper.swift */ = {isa = PBXFileReference; fileEncoding = 4; lastKnownFileType = sourcecode.swift; path = KLibRipper.swift; sourceTree = "<group>"; };
		7A5FBE021CE66FF80031ED77 /* Schematic.app */ = {isa = PBXFileReference; explicitFileType = wrapper.application; includeInIndex = 0; path = Schematic.app; sourceTree = BUILT_PRODUCTS_DIR; };
		7A5FBE051CE66FF80031ED77 /* AppDelegate.swift */ = {isa = PBXFileReference; lastKnownFileType = sourcecode.swift; path = AppDelegate.swift; sourceTree = "<group>"; };
		7A5FBE071CE66FF80031ED77 /* SchematicDocument.swift */ = {isa = PBXFileReference; lastKnownFileType = sourcecode.swift; path = SchematicDocument.swift; sourceTree = "<group>"; };
		7A5FBE0A1CE66FF80031ED77 /* Base */ = {isa = PBXFileReference; lastKnownFileType = file.xib; name = Base; path = Base.lproj/SchematicDocument.xib; sourceTree = "<group>"; };
		7A5FBE0C1CE66FF80031ED77 /* Assets.xcassets */ = {isa = PBXFileReference; lastKnownFileType = folder.assetcatalog; path = Assets.xcassets; sourceTree = "<group>"; };
		7A5FBE0F1CE66FF80031ED77 /* Base */ = {isa = PBXFileReference; lastKnownFileType = file.xib; name = Base; path = Base.lproj/MainMenu.xib; sourceTree = "<group>"; };
		7A5FBE111CE66FF80031ED77 /* Info.plist */ = {isa = PBXFileReference; lastKnownFileType = text.plist.xml; path = Info.plist; sourceTree = "<group>"; };
		7A5FBE1A1CE67BF10031ED77 /* AttributedGraphic.swift */ = {isa = PBXFileReference; fileEncoding = 4; lastKnownFileType = sourcecode.swift; path = AttributedGraphic.swift; sourceTree = "<group>"; };
		7A5FBE1C1CE67C110031ED77 /* AttributeText.swift */ = {isa = PBXFileReference; fileEncoding = 4; lastKnownFileType = sourcecode.swift; path = AttributeText.swift; sourceTree = "<group>"; };
		7A5FBE1E1CE67C1F0031ED77 /* Package.swift */ = {isa = PBXFileReference; fileEncoding = 4; lastKnownFileType = sourcecode.swift; path = Package.swift; sourceTree = "<group>"; };
		7A5FBE201CE67C290031ED77 /* Component.swift */ = {isa = PBXFileReference; fileEncoding = 4; lastKnownFileType = sourcecode.swift; path = Component.swift; sourceTree = "<group>"; };
		7A5FBE221CE67C320031ED77 /* Pin.swift */ = {isa = PBXFileReference; fileEncoding = 4; lastKnownFileType = sourcecode.swift; path = Pin.swift; sourceTree = "<group>"; };
		7A5FBE241CE67C450031ED77 /* Net.swift */ = {isa = PBXFileReference; fileEncoding = 4; lastKnownFileType = sourcecode.swift; path = Net.swift; sourceTree = "<group>"; };
		7A5FBE261CE67C5E0031ED77 /* Graphic.swift */ = {isa = PBXFileReference; fileEncoding = 4; lastKnownFileType = sourcecode.swift; path = Graphic.swift; sourceTree = "<group>"; };
		7A5FBE281CE67F6C0031ED77 /* GraphicMath.swift */ = {isa = PBXFileReference; fileEncoding = 4; lastKnownFileType = sourcecode.swift; path = GraphicMath.swift; sourceTree = "<group>"; };
		7A5FBE2A1CE696610031ED77 /* SchematicView.swift */ = {isa = PBXFileReference; fileEncoding = 4; lastKnownFileType = sourcecode.swift; path = SchematicView.swift; sourceTree = "<group>"; };
		7A5FBE2C1CE69EB50031ED77 /* RegularExpression.swift */ = {isa = PBXFileReference; fileEncoding = 4; lastKnownFileType = sourcecode.swift; path = RegularExpression.swift; sourceTree = "<group>"; };
		7A5FBE2E1CE910800031ED77 /* ZoomView.swift */ = {isa = PBXFileReference; fileEncoding = 4; lastKnownFileType = sourcecode.swift; path = ZoomView.swift; sourceTree = "<group>"; };
		7A5FBE4D1CE93F0D0031ED77 /* SchematicPage.swift */ = {isa = PBXFileReference; fileEncoding = 4; lastKnownFileType = sourcecode.swift; path = SchematicPage.swift; sourceTree = "<group>"; };
		7A5FBE501CEA16F70031ED77 /* LineTool.swift */ = {isa = PBXFileReference; fileEncoding = 4; lastKnownFileType = sourcecode.swift; path = LineTool.swift; sourceTree = "<group>"; };
		7A5FBE521CEA1AF80031ED77 /* RectGraphic.swift */ = {isa = PBXFileReference; fileEncoding = 4; lastKnownFileType = sourcecode.swift; path = RectGraphic.swift; sourceTree = "<group>"; };
		7A5FBE541CEA1B0F0031ED77 /* LineGraphic.swift */ = {isa = PBXFileReference; fileEncoding = 4; lastKnownFileType = sourcecode.swift; path = LineGraphic.swift; sourceTree = "<group>"; };
		7A5FBE571CEA1F030031ED77 /* RectTool.swift */ = {isa = PBXFileReference; fileEncoding = 4; lastKnownFileType = sourcecode.swift; path = RectTool.swift; sourceTree = "<group>"; };
		7A5FBE5D1CEA30890031ED77 /* InspectorView.swift */ = {isa = PBXFileReference; fileEncoding = 4; lastKnownFileType = sourcecode.swift; path = InspectorView.swift; sourceTree = "<group>"; };
		7A74973D1CEA427000C6AAFB /* SelectTool.swift */ = {isa = PBXFileReference; fileEncoding = 4; lastKnownFileType = sourcecode.swift; path = SelectTool.swift; sourceTree = "<group>"; };
		7A8C9BBA1CEA694D000B79BE /* ArcGraphic.swift */ = {isa = PBXFileReference; fileEncoding = 4; lastKnownFileType = sourcecode.swift; path = ArcGraphic.swift; sourceTree = "<group>"; };
		7A8C9BBC1CEA6D7A000B79BE /* ArcTool.swift */ = {isa = PBXFileReference; fileEncoding = 4; lastKnownFileType = sourcecode.swift; path = ArcTool.swift; sourceTree = "<group>"; };
		7A8C9BBE1CEA85AD000B79BE /* GroupGraphic.swift */ = {isa = PBXFileReference; fileEncoding = 4; lastKnownFileType = sourcecode.swift; path = GroupGraphic.swift; sourceTree = "<group>"; };
		7A8C9BC01CEAA815000B79BE /* CircleGraphic.swift */ = {isa = PBXFileReference; fileEncoding = 4; lastKnownFileType = sourcecode.swift; path = CircleGraphic.swift; sourceTree = "<group>"; };
		7A8C9BC21CEAADD1000B79BE /* CircleTool.swift */ = {isa = PBXFileReference; fileEncoding = 4; lastKnownFileType = sourcecode.swift; path = CircleTool.swift; sourceTree = "<group>"; };
		7ACBCC301D01B0B9007EA736 /* Node.swift */ = {isa = PBXFileReference; fileEncoding = 4; lastKnownFileType = sourcecode.swift; path = Node.swift; sourceTree = "<group>"; };
		7AD3685B1D04B2AD006EEAA9 /* NetList.swift */ = {isa = PBXFileReference; fileEncoding = 4; lastKnownFileType = sourcecode.swift; path = NetList.swift; sourceTree = "<group>"; };
		7AD3685D1D08BA5D006EEAA9 /* Schematic.entitlements */ = {isa = PBXFileReference; lastKnownFileType = text.xml; path = Schematic.entitlements; sourceTree = "<group>"; };
		7AE437A71CEB75440010C087 /* UnplacedComponentView.swift */ = {isa = PBXFileReference; fileEncoding = 4; lastKnownFileType = sourcecode.swift; path = UnplacedComponentView.swift; sourceTree = "<group>"; };
		7AE437A91CEBAE460010C087 /* PinInspectorView.swift */ = {isa = PBXFileReference; fileEncoding = 4; lastKnownFileType = sourcecode.swift; path = PinInspectorView.swift; sourceTree = "<group>"; };
		7AE437AD1CEE15490010C087 /* GraphicInspector.swift */ = {isa = PBXFileReference; fileEncoding = 4; lastKnownFileType = sourcecode.swift; path = GraphicInspector.swift; sourceTree = "<group>"; };
/* End PBXFileReference section */

/* Begin PBXFrameworksBuildPhase section */
		7A5FBDFF1CE66FF80031ED77 /* Frameworks */ = {
			isa = PBXFrameworksBuildPhase;
			buildActionMask = 2147483647;
			files = (
			);
			runOnlyForDeploymentPostprocessing = 0;
		};
/* End PBXFrameworksBuildPhase section */

/* Begin PBXGroup section */
		7A5FBDF91CE66FF80031ED77 = {
			isa = PBXGroup;
			children = (
				7A5FBE041CE66FF80031ED77 /* Schematic */,
				7A5FBE031CE66FF80031ED77 /* Products */,
			);
			sourceTree = "<group>";
		};
		7A5FBE031CE66FF80031ED77 /* Products */ = {
			isa = PBXGroup;
			children = (
				7A5FBE021CE66FF80031ED77 /* Schematic.app */,
			);
			name = Products;
			sourceTree = "<group>";
		};
		7A5FBE041CE66FF80031ED77 /* Schematic */ = {
			isa = PBXGroup;
			children = (
				7AD3685D1D08BA5D006EEAA9 /* Schematic.entitlements */,
				7A5FBE051CE66FF80031ED77 /* AppDelegate.swift */,
				7A5FBE191CE67BCF0031ED77 /* Model */,
				7A5FBE071CE66FF80031ED77 /* SchematicDocument.swift */,
				7A5FBE4D1CE93F0D0031ED77 /* SchematicPage.swift */,
				7A4A226B1CF2656500EA774C /* SchematicPrefs.swift */,
				7A5FBE2A1CE696610031ED77 /* SchematicView.swift */,
				7A4A226F1CF4A28F00EA774C /* Sheets.swift */,
				7A5FBE5D1CEA30890031ED77 /* InspectorView.swift */,
				7A074AAE1CF8E7B0008D8EA7 /* PageInspector.swift */,
				7AE437AD1CEE15490010C087 /* GraphicInspector.swift */,
				7AE437A91CEBAE460010C087 /* PinInspectorView.swift */,
				7AE437A71CEB75440010C087 /* UnplacedComponentView.swift */,
				7A4894411CF7A0B000F6D132 /* LibraryView.swift */,
				7A4A22D51CF6519000EA774C /* KLibRipper.swift */,
				7A074AB01CF932CF008D8EA7 /* Octopart.swift */,
				7AD3685B1D04B2AD006EEAA9 /* NetList.swift */,
				7A5FBE4F1CEA16DD0031ED77 /* Tools */,
				7A5FBE2E1CE910800031ED77 /* ZoomView.swift */,
				7A5FBE091CE66FF80031ED77 /* SchematicDocument.xib */,
				7A5FBE2C1CE69EB50031ED77 /* RegularExpression.swift */,
				7A5FBE281CE67F6C0031ED77 /* GraphicMath.swift */,
				7A4A226D1CF3D05700EA774C /* SetExtensions.swift */,
				7A4A22691CF132D800EA774C /* AbstractGraphics.swift */,
				7A074AB21CF93D18008D8EA7 /* SwiftyJSON.swift */,
				7A5FBE0C1CE66FF80031ED77 /* Assets.xcassets */,
				7A5FBE0E1CE66FF80031ED77 /* MainMenu.xib */,
				7A5FBE111CE66FF80031ED77 /* Info.plist */,
			);
			path = Schematic;
			sourceTree = "<group>";
		};
		7A5FBE191CE67BCF0031ED77 /* Model */ = {
			isa = PBXGroup;
			children = (
				7A5FBE261CE67C5E0031ED77 /* Graphic.swift */,
				7A4A22D31CF5DF0100EA774C /* PrimitiveGraphic.swift */,
				7A5FBE561CEA1CF10031ED77 /* Primitves */,
				7A5FBE1A1CE67BF10031ED77 /* AttributedGraphic.swift */,
				7A5FBE201CE67C290031ED77 /* Component.swift */,
				7A074AAC1CF8B6DE008D8EA7 /* AutoComponent.swift */,
				7A5FBE1E1CE67C1F0031ED77 /* Package.swift */,
				7A5FBE221CE67C320031ED77 /* Pin.swift */,
				7A5FBE241CE67C450031ED77 /* Net.swift */,
				7ACBCC301D01B0B9007EA736 /* Node.swift */,
			);
			name = Model;
			sourceTree = "<group>";
		};
		7A5FBE4F1CEA16DD0031ED77 /* Tools */ = {
			isa = PBXGroup;
			children = (
				7A5FBE501CEA16F70031ED77 /* LineTool.swift */,
				7A5FBE571CEA1F030031ED77 /* RectTool.swift */,
				7A8C9BBC1CEA6D7A000B79BE /* ArcTool.swift */,
				7A8C9BC21CEAADD1000B79BE /* CircleTool.swift */,
				7A074AB41CF9E979008D8EA7 /* PolygonTool.swift */,
				7A074AB61CFC918C008D8EA7 /* TextTool.swift */,
				7A074AB81CFDD4A5008D8EA7 /* NetTool.swift */,
				7A074ABA1CFFA90F008D8EA7 /* NetNameTool.swift */,
				7A74973D1CEA427000C6AAFB /* SelectTool.swift */,
			);
			name = Tools;
			sourceTree = "<group>";
		};
		7A5FBE561CEA1CF10031ED77 /* Primitves */ = {
			isa = PBXGroup;
			children = (
				7A5FBE541CEA1B0F0031ED77 /* LineGraphic.swift */,
				7A5FBE521CEA1AF80031ED77 /* RectGraphic.swift */,
				7A8C9BC01CEAA815000B79BE /* CircleGraphic.swift */,
				7A8C9BBA1CEA694D000B79BE /* ArcGraphic.swift */,
				7A48943F1CF74CFF00F6D132 /* PolygonGraphic.swift */,
				7A8C9BBE1CEA85AD000B79BE /* GroupGraphic.swift */,
				7A5FBE1C1CE67C110031ED77 /* AttributeText.swift */,
			);
			name = Primitves;
			sourceTree = "<group>";
		};
/* End PBXGroup section */

/* Begin PBXNativeTarget section */
		7A5FBE011CE66FF80031ED77 /* Schematic */ = {
			isa = PBXNativeTarget;
			buildConfigurationList = 7A5FBE141CE66FF80031ED77 /* Build configuration list for PBXNativeTarget "Schematic" */;
			buildPhases = (
				7A5FBDFE1CE66FF80031ED77 /* Sources */,
				7A5FBDFF1CE66FF80031ED77 /* Frameworks */,
				7A5FBE001CE66FF80031ED77 /* Resources */,
			);
			buildRules = (
			);
			dependencies = (
			);
			name = Schematic;
			productName = Schematic;
			productReference = 7A5FBE021CE66FF80031ED77 /* Schematic.app */;
			productType = "com.apple.product-type.application";
		};
/* End PBXNativeTarget section */

/* Begin PBXProject section */
		7A5FBDFA1CE66FF80031ED77 /* Project object */ = {
			isa = PBXProject;
			attributes = {
				LastSwiftUpdateCheck = 0730;
				LastUpgradeCheck = 0730;
				ORGANIZATIONNAME = Walkingdog;
				TargetAttributes = {
					7A5FBE011CE66FF80031ED77 = {
						CreatedOnToolsVersion = 7.3;
						SystemCapabilities = {
							com.apple.Sandbox = {
								enabled = 1;
							};
						};
					};
				};
			};
			buildConfigurationList = 7A5FBDFD1CE66FF80031ED77 /* Build configuration list for PBXProject "Schematic" */;
			compatibilityVersion = "Xcode 3.2";
			developmentRegion = English;
			hasScannedForEncodings = 0;
			knownRegions = (
				en,
				Base,
			);
			mainGroup = 7A5FBDF91CE66FF80031ED77;
			productRefGroup = 7A5FBE031CE66FF80031ED77 /* Products */;
			projectDirPath = "";
			projectRoot = "";
			targets = (
				7A5FBE011CE66FF80031ED77 /* Schematic */,
			);
		};
/* End PBXProject section */

/* Begin PBXResourcesBuildPhase section */
		7A5FBE001CE66FF80031ED77 /* Resources */ = {
			isa = PBXResourcesBuildPhase;
			buildActionMask = 2147483647;
			files = (
				7A5FBE0D1CE66FF80031ED77 /* Assets.xcassets in Resources */,
				7A5FBE0B1CE66FF80031ED77 /* SchematicDocument.xib in Resources */,
				7A5FBE101CE66FF80031ED77 /* MainMenu.xib in Resources */,
			);
			runOnlyForDeploymentPostprocessing = 0;
		};
/* End PBXResourcesBuildPhase section */

/* Begin PBXSourcesBuildPhase section */
		7A5FBDFE1CE66FF80031ED77 /* Sources */ = {
			isa = PBXSourcesBuildPhase;
			buildActionMask = 2147483647;
			files = (
				7A8C9BC31CEAADD1000B79BE /* CircleTool.swift in Sources */,
				7A4A226A1CF132D800EA774C /* AbstractGraphics.swift in Sources */,
				7A074ABB1CFFA90F008D8EA7 /* NetNameTool.swift in Sources */,
				7A5FBE211CE67C290031ED77 /* Component.swift in Sources */,
				7A074AB91CFDD4A5008D8EA7 /* NetTool.swift in Sources */,
				7A074AB31CF93D18008D8EA7 /* SwiftyJSON.swift in Sources */,
				7A5FBE291CE67F6C0031ED77 /* GraphicMath.swift in Sources */,
				7A4894421CF7A0B000F6D132 /* LibraryView.swift in Sources */,
				7A5FBE2F1CE910800031ED77 /* ZoomView.swift in Sources */,
				7A5FBE081CE66FF80031ED77 /* SchematicDocument.swift in Sources */,
				7A4A226C1CF2656500EA774C /* SchematicPrefs.swift in Sources */,
				7A5FBE511CEA16F70031ED77 /* LineTool.swift in Sources */,
				7A5FBE1D1CE67C110031ED77 /* AttributeText.swift in Sources */,
				7A8C9BBB1CEA694D000B79BE /* ArcGraphic.swift in Sources */,
				7A5FBE251CE67C450031ED77 /* Net.swift in Sources */,
				7AD3685C1D04B2AD006EEAA9 /* NetList.swift in Sources */,
				7A5FBE551CEA1B0F0031ED77 /* LineGraphic.swift in Sources */,
				7A5FBE2B1CE696610031ED77 /* SchematicView.swift in Sources */,
				7A074AAD1CF8B6DE008D8EA7 /* AutoComponent.swift in Sources */,
				7A4A22D61CF6519000EA774C /* KLibRipper.swift in Sources */,
				7AE437AA1CEBAE460010C087 /* PinInspectorView.swift in Sources */,
				7A74973E1CEA427000C6AAFB /* SelectTool.swift in Sources */,
				7ACBCC311D01B0B9007EA736 /* Node.swift in Sources */,
				7A5FBE531CEA1AF80031ED77 /* RectGraphic.swift in Sources */,
				7A5FBE271CE67C5E0031ED77 /* Graphic.swift in Sources */,
				7A4A226E1CF3D05700EA774C /* SetExtensions.swift in Sources */,
				7A5FBE4E1CE93F0D0031ED77 /* SchematicPage.swift in Sources */,
				7A4A22701CF4A28F00EA774C /* Sheets.swift in Sources */,
				7A8C9BC11CEAA815000B79BE /* CircleGraphic.swift in Sources */,
				7A8C9BBD1CEA6D7A000B79BE /* ArcTool.swift in Sources */,
				7A074AB71CFC918C008D8EA7 /* TextTool.swift in Sources */,
				7AE437AE1CEE15490010C087 /* GraphicInspector.swift in Sources */,
				7A4A22D41CF5DF0100EA774C /* PrimitiveGraphic.swift in Sources */,
				7A5FBE5E1CEA30890031ED77 /* InspectorView.swift in Sources */,
				7AE437A81CEB75440010C087 /* UnplacedComponentView.swift in Sources */,
				7A5FBE231CE67C320031ED77 /* Pin.swift in Sources */,
				7A4894401CF74CFF00F6D132 /* PolygonGraphic.swift in Sources */,
				7A5FBE2D1CE69EB50031ED77 /* RegularExpression.swift in Sources */,
				7A5FBE1F1CE67C1F0031ED77 /* Package.swift in Sources */,
				7A5FBE581CEA1F030031ED77 /* RectTool.swift in Sources */,
				7A5FBE061CE66FF80031ED77 /* AppDelegate.swift in Sources */,
				7A8C9BBF1CEA85AD000B79BE /* GroupGraphic.swift in Sources */,
				7A074AAF1CF8E7B0008D8EA7 /* PageInspector.swift in Sources */,
				7A074AB11CF932CF008D8EA7 /* Octopart.swift in Sources */,
				7A5FBE1B1CE67BF10031ED77 /* AttributedGraphic.swift in Sources */,
				7A074AB51CF9E979008D8EA7 /* PolygonTool.swift in Sources */,
			);
			runOnlyForDeploymentPostprocessing = 0;
		};
/* End PBXSourcesBuildPhase section */

/* Begin PBXVariantGroup section */
		7A5FBE091CE66FF80031ED77 /* SchematicDocument.xib */ = {
			isa = PBXVariantGroup;
			children = (
				7A5FBE0A1CE66FF80031ED77 /* Base */,
			);
			name = SchematicDocument.xib;
			sourceTree = "<group>";
		};
		7A5FBE0E1CE66FF80031ED77 /* MainMenu.xib */ = {
			isa = PBXVariantGroup;
			children = (
				7A5FBE0F1CE66FF80031ED77 /* Base */,
			);
			name = MainMenu.xib;
			sourceTree = "<group>";
		};
/* End PBXVariantGroup section */

/* Begin XCBuildConfiguration section */
		7A5FBE121CE66FF80031ED77 /* Debug */ = {
			isa = XCBuildConfiguration;
			buildSettings = {
				ALWAYS_SEARCH_USER_PATHS = NO;
				CLANG_ANALYZER_NONNULL = YES;
				CLANG_CXX_LANGUAGE_STANDARD = "gnu++0x";
				CLANG_CXX_LIBRARY = "libc++";
				CLANG_ENABLE_MODULES = YES;
				CLANG_ENABLE_OBJC_ARC = YES;
				CLANG_WARN_BOOL_CONVERSION = YES;
				CLANG_WARN_CONSTANT_CONVERSION = YES;
				CLANG_WARN_DIRECT_OBJC_ISA_USAGE = YES_ERROR;
				CLANG_WARN_EMPTY_BODY = YES;
				CLANG_WARN_ENUM_CONVERSION = YES;
				CLANG_WARN_INT_CONVERSION = YES;
				CLANG_WARN_OBJC_ROOT_CLASS = YES_ERROR;
				CLANG_WARN_UNREACHABLE_CODE = YES;
				CLANG_WARN__DUPLICATE_METHOD_MATCH = YES;
				CODE_SIGN_IDENTITY = "-";
				COPY_PHASE_STRIP = NO;
				DEBUG_INFORMATION_FORMAT = dwarf;
				ENABLE_STRICT_OBJC_MSGSEND = YES;
				ENABLE_TESTABILITY = YES;
				GCC_C_LANGUAGE_STANDARD = gnu99;
				GCC_DYNAMIC_NO_PIC = NO;
				GCC_NO_COMMON_BLOCKS = YES;
				GCC_OPTIMIZATION_LEVEL = 0;
				GCC_PREPROCESSOR_DEFINITIONS = (
					"DEBUG=1",
					"$(inherited)",
				);
				GCC_WARN_64_TO_32_BIT_CONVERSION = YES;
				GCC_WARN_ABOUT_RETURN_TYPE = YES_ERROR;
				GCC_WARN_UNDECLARED_SELECTOR = YES;
				GCC_WARN_UNINITIALIZED_AUTOS = YES_AGGRESSIVE;
				GCC_WARN_UNUSED_FUNCTION = YES;
				GCC_WARN_UNUSED_VARIABLE = YES;
				MACOSX_DEPLOYMENT_TARGET = 10.11;
				MTL_ENABLE_DEBUG_INFO = YES;
				ONLY_ACTIVE_ARCH = YES;
				SDKROOT = macosx;
				SWIFT_OPTIMIZATION_LEVEL = "-Onone";
			};
			name = Debug;
		};
		7A5FBE131CE66FF80031ED77 /* Release */ = {
			isa = XCBuildConfiguration;
			buildSettings = {
				ALWAYS_SEARCH_USER_PATHS = NO;
				CLANG_ANALYZER_NONNULL = YES;
				CLANG_CXX_LANGUAGE_STANDARD = "gnu++0x";
				CLANG_CXX_LIBRARY = "libc++";
				CLANG_ENABLE_MODULES = YES;
				CLANG_ENABLE_OBJC_ARC = YES;
				CLANG_WARN_BOOL_CONVERSION = YES;
				CLANG_WARN_CONSTANT_CONVERSION = YES;
				CLANG_WARN_DIRECT_OBJC_ISA_USAGE = YES_ERROR;
				CLANG_WARN_EMPTY_BODY = YES;
				CLANG_WARN_ENUM_CONVERSION = YES;
				CLANG_WARN_INT_CONVERSION = YES;
				CLANG_WARN_OBJC_ROOT_CLASS = YES_ERROR;
				CLANG_WARN_UNREACHABLE_CODE = YES;
				CLANG_WARN__DUPLICATE_METHOD_MATCH = YES;
				CODE_SIGN_IDENTITY = "-";
				COPY_PHASE_STRIP = NO;
				DEBUG_INFORMATION_FORMAT = "dwarf-with-dsym";
				ENABLE_NS_ASSERTIONS = NO;
				ENABLE_STRICT_OBJC_MSGSEND = YES;
				GCC_C_LANGUAGE_STANDARD = gnu99;
				GCC_NO_COMMON_BLOCKS = YES;
				GCC_WARN_64_TO_32_BIT_CONVERSION = YES;
				GCC_WARN_ABOUT_RETURN_TYPE = YES_ERROR;
				GCC_WARN_UNDECLARED_SELECTOR = YES;
				GCC_WARN_UNINITIALIZED_AUTOS = YES_AGGRESSIVE;
				GCC_WARN_UNUSED_FUNCTION = YES;
				GCC_WARN_UNUSED_VARIABLE = YES;
				MACOSX_DEPLOYMENT_TARGET = 10.11;
				MTL_ENABLE_DEBUG_INFO = NO;
				SDKROOT = macosx;
			};
			name = Release;
		};
		7A5FBE151CE66FF80031ED77 /* Debug */ = {
			isa = XCBuildConfiguration;
			buildSettings = {
				ASSETCATALOG_COMPILER_APPICON_NAME = AppIcon;
				CODE_SIGN_ENTITLEMENTS = Schematic/Schematic.entitlements;
				COMBINE_HIDPI_IMAGES = YES;
				INFOPLIST_FILE = Schematic/Info.plist;
				LD_RUNPATH_SEARCH_PATHS = "$(inherited) @executable_path/../Frameworks";
				PRODUCT_BUNDLE_IDENTIFIER = walkingdog.net.Schematic;
				PRODUCT_NAME = "$(TARGET_NAME)";
			};
			name = Debug;
		};
		7A5FBE161CE66FF80031ED77 /* Release */ = {
			isa = XCBuildConfiguration;
			buildSettings = {
				ASSETCATALOG_COMPILER_APPICON_NAME = AppIcon;
				CODE_SIGN_ENTITLEMENTS = Schematic/Schematic.entitlements;
				COMBINE_HIDPI_IMAGES = YES;
				INFOPLIST_FILE = Schematic/Info.plist;
				LD_RUNPATH_SEARCH_PATHS = "$(inherited) @executable_path/../Frameworks";
				PRODUCT_BUNDLE_IDENTIFIER = walkingdog.net.Schematic;
				PRODUCT_NAME = "$(TARGET_NAME)";
			};
			name = Release;
		};
/* End XCBuildConfiguration section */

/* Begin XCConfigurationList section */
		7A5FBDFD1CE66FF80031ED77 /* Build configuration list for PBXProject "Schematic" */ = {
			isa = XCConfigurationList;
			buildConfigurations = (
				7A5FBE121CE66FF80031ED77 /* Debug */,
				7A5FBE131CE66FF80031ED77 /* Release */,
			);
			defaultConfigurationIsVisible = 0;
			defaultConfigurationName = Release;
		};
		7A5FBE141CE66FF80031ED77 /* Build configuration list for PBXNativeTarget "Schematic" */ = {
			isa = XCConfigurationList;
			buildConfigurations = (
				7A5FBE151CE66FF80031ED77 /* Debug */,
				7A5FBE161CE66FF80031ED77 /* Release */,
			);
			defaultConfigurationIsVisible = 0;
			defaultConfigurationName = Release;
		};
/* End XCConfigurationList section */
	};
	rootObject = 7A5FBDFA1CE66FF80031ED77 /* Project object */;
}
